schema: '2.0'
stages:
  stage_01:
    cmd: python stage_01.py
    deps:
    - path: stage_01.py
      hash: md5
      md5: 75f84254d3b42a45e55ec5206ca57a9e
      size: 91
    outs:
    - path: artifact.txt
      hash: md5
      md5: 9d38c3c88bdce43ec6f4cf96459d9ec2
      size: 35
  stage_02:
    cmd: python stage_02.py
    deps:
    - path: artifact.txt
      hash: md5
      md5: 9d38c3c88bdce43ec6f4cf96459d9ec2
      size: 35
    - path: stage_02.py
      hash: md5
      md5: e99280d737c4feef409616a456ab2ca5
      size: 140
  stage_03:
    cmd: python stage_03.py
    deps:
    - path: artifact.txt
      hash: md5
      md5: e0e528f8661be48aae51358b02a5be0e
      size: 56
    - path: stage_03.py
      hash: md5
      md5: c18e7259bf227e03fb780e7559d4131b
      size: 195
